
Microsoft Visual Studio Solution File, Format Version 12.00
# Visual Studio Version 17
VisualStudioVersion = 17.3.32825.248
MinimumVisualStudioVersion = 10.0.40219.1
Project("{FAE04EC0-301F-11D3-BF4B-00C04F79EFBC}") = "FoodStoreAPI", "FoodStoreAPI.csproj", "{8CB621CC-49CB-436E-A437-B7BBB1A153CF}"
EndProject
Global
	GlobalSection(SolutionConfigurationPlatforms) = preSolution
		Debug|Any CPU = Debug|Any CPU
		Release|Any CPU = Release|Any CPU
	EndGlobalSection
	GlobalSection(ProjectConfigurationPlatforms) = postSolution
		{8CB621CC-49CB-436E-A437-B7BBB1A153CF}.Debug|Any CPU.ActiveCfg = Debug|Any CPU
		{8CB621CC-49CB-436E-A437-B7BBB1A153CF}.Debug|Any CPU.Build.0 = Debug|Any CPU
		{8CB621CC-49CB-436E-A437-B7BBB1A153CF}.Release|Any CPU.ActiveCfg = Release|Any CPU
		{8CB621CC-49CB-436E-A437-B7BBB1A153CF}.Release|Any CPU.Build.0 = Release|Any CPU
	EndGlobalSection
	GlobalSection(SolutionProperties) = preSolution
		HideSolutionNode = FALSE
	EndGlobalSection
	GlobalSection(ExtensibilityGlobals) = postSolution
		SolutionGuid = {0EEE3DF3-EB69-4033-9DA4-16AAEB9FEC9E}
	EndGlobalSection
EndGlobal
